// !$*UTF8*$!
{
	archiveVersion = 1;
	classes = {
	};
	objectVersion = 55;
	objects = {

/* Begin PBXBuildFile section */
		3B16C2802892D52D0078C602 /* GConstants.swift in Sources */ = {isa = PBXBuildFile; fileRef = 3B16C27F2892D52D0078C602 /* GConstants.swift */; };
		3B16C28A2892E1160078C602 /* CameraViewController.swift in Sources */ = {isa = PBXBuildFile; fileRef = 3B16C2892892E1160078C602 /* CameraViewController.swift */; };
		3B16C28E2892E2F90078C602 /* CameraPresenterImpl.swift in Sources */ = {isa = PBXBuildFile; fileRef = 3B16C28D2892E2F90078C602 /* CameraPresenterImpl.swift */; };
		3B16C2902892E30C0078C602 /* CameraRouterImpl.swift in Sources */ = {isa = PBXBuildFile; fileRef = 3B16C28F2892E30C0078C602 /* CameraRouterImpl.swift */; };
		3B16C2922892E3300078C602 /* CameraProtocols.swift in Sources */ = {isa = PBXBuildFile; fileRef = 3B16C2912892E3300078C602 /* CameraProtocols.swift */; };
		3B16C29528933C3E0078C602 /* GLocalizable.swift in Sources */ = {isa = PBXBuildFile; fileRef = 3B16C29428933C3E0078C602 /* GLocalizable.swift */; };
		3B16C29D289342D60078C602 /* ChartInfoProtocols.swift in Sources */ = {isa = PBXBuildFile; fileRef = 3B16C29C289342D60078C602 /* ChartInfoProtocols.swift */; };
		3B16C2A0289345AB0078C602 /* ApiClient.swift in Sources */ = {isa = PBXBuildFile; fileRef = 3B16C29F289345AB0078C602 /* ApiClient.swift */; };
		3B16C2A2289345B40078C602 /* Requester.swift in Sources */ = {isa = PBXBuildFile; fileRef = 3B16C2A1289345B40078C602 /* Requester.swift */; };
		3B16C2A4289345FE0078C602 /* RequestError.swift in Sources */ = {isa = PBXBuildFile; fileRef = 3B16C2A3289345FE0078C602 /* RequestError.swift */; };
		3B16C2A7289355AB0078C602 /* Report.swift in Sources */ = {isa = PBXBuildFile; fileRef = 3B16C2A6289355AB0078C602 /* Report.swift */; };
		3B16C2A9289356370078C602 /* Company.swift in Sources */ = {isa = PBXBuildFile; fileRef = 3B16C2A8289356370078C602 /* Company.swift */; };
		3B16C2AB289357220078C602 /* DataChart.swift in Sources */ = {isa = PBXBuildFile; fileRef = 3B16C2AA289357220078C602 /* DataChart.swift */; };
		3B16C2AE289357C80078C602 /* ChartInfoService.swift in Sources */ = {isa = PBXBuildFile; fileRef = 3B16C2AD289357C80078C602 /* ChartInfoService.swift */; };
		3B16C2B1289359890078C602 /* DataChartDTO+Mapping.swift in Sources */ = {isa = PBXBuildFile; fileRef = 3B16C2B0289359890078C602 /* DataChartDTO+Mapping.swift */; };
		3B16C2B328935DA10078C602 /* ChartInfoInteractorImpl.swift in Sources */ = {isa = PBXBuildFile; fileRef = 3B16C2B228935DA10078C602 /* ChartInfoInteractorImpl.swift */; };
		3B16C2B5289360EE0078C602 /* ChartInfoPresenterImpl.swift in Sources */ = {isa = PBXBuildFile; fileRef = 3B16C2B4289360EE0078C602 /* ChartInfoPresenterImpl.swift */; };
		3B16C2B7289361E90078C602 /* ChartInfoViewController.swift in Sources */ = {isa = PBXBuildFile; fileRef = 3B16C2B6289361E90078C602 /* ChartInfoViewController.swift */; };
		3B16C2BD289371260078C602 /* UIViewController+CustomAlerts.swift in Sources */ = {isa = PBXBuildFile; fileRef = 3B16C2BC289371260078C602 /* UIViewController+CustomAlerts.swift */; };
		3B16C2C028942C0B0078C602 /* Charts in Frameworks */ = {isa = PBXBuildFile; productRef = 3B16C2BF28942C0B0078C602 /* Charts */; };
		3B16C2C4289433900078C602 /* ChartInfoItemCell.swift in Sources */ = {isa = PBXBuildFile; fileRef = 3B16C2C3289433900078C602 /* ChartInfoItemCell.swift */; };
		3B16C2C72894465B0078C602 /* ChartInfoCellViewModel.swift in Sources */ = {isa = PBXBuildFile; fileRef = 3B16C2C62894465B0078C602 /* ChartInfoCellViewModel.swift */; };
		3BA881382894717C00C8DA3A /* GoogleService-Info.plist in Resources */ = {isa = PBXBuildFile; fileRef = 3BA881372894717C00C8DA3A /* GoogleService-Info.plist */; };
		3BA8813B289472E900C8DA3A /* FirebaseFirestoreSwift in Frameworks */ = {isa = PBXBuildFile; productRef = 3BA8813A289472E900C8DA3A /* FirebaseFirestoreSwift */; };
		3BA8813D289472E900C8DA3A /* FirebaseStorage in Frameworks */ = {isa = PBXBuildFile; productRef = 3BA8813C289472E900C8DA3A /* FirebaseStorage */; };
		3BA881402894818700C8DA3A /* HomeServiceImpl.swift in Sources */ = {isa = PBXBuildFile; fileRef = 3BA8813F2894818700C8DA3A /* HomeServiceImpl.swift */; };
		3BA88142289481CF00C8DA3A /* FirestoreClientRequester.swift in Sources */ = {isa = PBXBuildFile; fileRef = 3BA88141289481CF00C8DA3A /* FirestoreClientRequester.swift */; };
		3BA881452894877100C8DA3A /* SuccessDTO.swift in Sources */ = {isa = PBXBuildFile; fileRef = 3BA881442894877100C8DA3A /* SuccessDTO.swift */; };
		3BA88147289489F700C8DA3A /* Settings.swift in Sources */ = {isa = PBXBuildFile; fileRef = 3BA88146289489F700C8DA3A /* Settings.swift */; };
		3BA8814928948A6C00C8DA3A /* SettingsDTO.swift in Sources */ = {isa = PBXBuildFile; fileRef = 3BA8814828948A6C00C8DA3A /* SettingsDTO.swift */; };
		3BA8814C2895610900C8DA3A /* FirestoreImageCDN.swift in Sources */ = {isa = PBXBuildFile; fileRef = 3BA8814B2895610900C8DA3A /* FirestoreImageCDN.swift */; };
		3BA8814E289561FC00C8DA3A /* ImageCDN.swift in Sources */ = {isa = PBXBuildFile; fileRef = 3BA8814D289561FC00C8DA3A /* ImageCDN.swift */; };
		3BA881502895626700C8DA3A /* ErrorImageCDN.swift in Sources */ = {isa = PBXBuildFile; fileRef = 3BA8814F2895626700C8DA3A /* ErrorImageCDN.swift */; };
		3BA88154289568D800C8DA3A /* SpinnerDisplayable.swift in Sources */ = {isa = PBXBuildFile; fileRef = 3BA88153289568D800C8DA3A /* SpinnerDisplayable.swift */; };
		3BA881562895778A00C8DA3A /* UserData.swift in Sources */ = {isa = PBXBuildFile; fileRef = 3BA881552895778A00C8DA3A /* UserData.swift */; };
		3BA88158289577CF00C8DA3A /* UserDataDTO.swift in Sources */ = {isa = PBXBuildFile; fileRef = 3BA88157289577CF00C8DA3A /* UserDataDTO.swift */; };
		3BA8815A28957E2B00C8DA3A /* UserDataBag.swift in Sources */ = {isa = PBXBuildFile; fileRef = 3BA8815928957E2B00C8DA3A /* UserDataBag.swift */; };
		3BA881632895809000C8DA3A /* SeeSelfieViewController.swift in Sources */ = {isa = PBXBuildFile; fileRef = 3BA881622895809000C8DA3A /* SeeSelfieViewController.swift */; };
		3BA88165289580B600C8DA3A /* SeeSelfieProtocols.swift in Sources */ = {isa = PBXBuildFile; fileRef = 3BA88164289580B600C8DA3A /* SeeSelfieProtocols.swift */; };
		3BA881672895821600C8DA3A /* SeeSelfiePresenterImpl.swift in Sources */ = {isa = PBXBuildFile; fileRef = 3BA881662895821600C8DA3A /* SeeSelfiePresenterImpl.swift */; };
		3BA8816A289582AB00C8DA3A /* SeeSelfieInteractorImpl.swift in Sources */ = {isa = PBXBuildFile; fileRef = 3BA88169289582AB00C8DA3A /* SeeSelfieInteractorImpl.swift */; };
		3BA8816C2895880B00C8DA3A /* UIImageView+DownloadImage.swift in Sources */ = {isa = PBXBuildFile; fileRef = 3BA8816B2895880B00C8DA3A /* UIImageView+DownloadImage.swift */; };
		3BA8816E28958E5900C8DA3A /* CustomRequester.swift in Sources */ = {isa = PBXBuildFile; fileRef = 3BA8816D28958E5900C8DA3A /* CustomRequester.swift */; };
		3BA881722895CD4300C8DA3A /* GImages.swift in Sources */ = {isa = PBXBuildFile; fileRef = 3BA881712895CD4300C8DA3A /* GImages.swift */; };
		3BA881762895CE8100C8DA3A /* ModulesFactoryImpl.swift in Sources */ = {isa = PBXBuildFile; fileRef = 3BA881752895CE8100C8DA3A /* ModulesFactoryImpl.swift */; };
		3BA881782895D2A700C8DA3A /* ModulesFactory.swift in Sources */ = {isa = PBXBuildFile; fileRef = 3BA881772895D2A700C8DA3A /* ModulesFactory.swift */; };
		3BA8817B2895DBDF00C8DA3A /* CollectionDocuments.swift in Sources */ = {isa = PBXBuildFile; fileRef = 3BA8817A2895DBDF00C8DA3A /* CollectionDocuments.swift */; };
		3BA881832895F66B00C8DA3A /* SeeSelfiePresenterTests.swift in Sources */ = {isa = PBXBuildFile; fileRef = 3BA881822895F66B00C8DA3A /* SeeSelfiePresenterTests.swift */; };
		3BA881862895F79D00C8DA3A /* SeeSelfieInteractorMock.swift in Sources */ = {isa = PBXBuildFile; fileRef = 3BA881852895F79D00C8DA3A /* SeeSelfieInteractorMock.swift */; };
		3BA881882895F94A00C8DA3A /* SeeSelfieInteractorTests.swift in Sources */ = {isa = PBXBuildFile; fileRef = 3BA881872895F94A00C8DA3A /* SeeSelfieInteractorTests.swift */; };
		3BA8818A2895FAED00C8DA3A /* SeeSelfieViewControllerTest.swift in Sources */ = {isa = PBXBuildFile; fileRef = 3BA881892895FAED00C8DA3A /* SeeSelfieViewControllerTest.swift */; };
		3BA8818C2895FB9100C8DA3A /* SeeSelfiePresenterMock.swift in Sources */ = {isa = PBXBuildFile; fileRef = 3BA8818B2895FB9100C8DA3A /* SeeSelfiePresenterMock.swift */; };
		3BA88190289600F900C8DA3A /* ChartInfoServiceStub.swift in Sources */ = {isa = PBXBuildFile; fileRef = 3BA8818F289600F900C8DA3A /* ChartInfoServiceStub.swift */; };
		3BA881922896027200C8DA3A /* ChartInteractorTests.swift in Sources */ = {isa = PBXBuildFile; fileRef = 3BA881912896027200C8DA3A /* ChartInteractorTests.swift */; };
		3BA8819428960C4F00C8DA3A /* ChartPresenterTest.swift in Sources */ = {isa = PBXBuildFile; fileRef = 3BA8819328960C4F00C8DA3A /* ChartPresenterTest.swift */; };
		3BA8819628960CC800C8DA3A /* ChartInfoInteractorMock.swift in Sources */ = {isa = PBXBuildFile; fileRef = 3BA8819528960CC800C8DA3A /* ChartInfoInteractorMock.swift */; };
		3BA881982896101C00C8DA3A /* ChartInfoCellViewModelTest.swift in Sources */ = {isa = PBXBuildFile; fileRef = 3BA881972896101C00C8DA3A /* ChartInfoCellViewModelTest.swift */; };
		3BA8819A2896128B00C8DA3A /* ChartInfoServiceTest.swift in Sources */ = {isa = PBXBuildFile; fileRef = 3BA881992896128B00C8DA3A /* ChartInfoServiceTest.swift */; };
		3BA8819E289614C600C8DA3A /* FakeSession.swift in Sources */ = {isa = PBXBuildFile; fileRef = 3BA8819D289614C600C8DA3A /* FakeSession.swift */; };
		3BA881A2289617A000C8DA3A /* MockJSONData.swift in Sources */ = {isa = PBXBuildFile; fileRef = 3BA881A1289617A000C8DA3A /* MockJSONData.swift */; };
		3BA881A42896182B00C8DA3A /* DataChartDTO.json in Resources */ = {isa = PBXBuildFile; fileRef = 3BA881A32896182B00C8DA3A /* DataChartDTO.json */; };
		3BA881A6289620C900C8DA3A /* ChartInfoItemCellTest.swift in Sources */ = {isa = PBXBuildFile; fileRef = 3BA881A5289620C900C8DA3A /* ChartInfoItemCellTest.swift */; };
		3BA881A82896256800C8DA3A /* ChartInfoViewControllerTest.swift in Sources */ = {isa = PBXBuildFile; fileRef = 3BA881A72896256800C8DA3A /* ChartInfoViewControllerTest.swift */; };
		3BA881AA289625CF00C8DA3A /* ChartInfoPresenterMock.swift in Sources */ = {isa = PBXBuildFile; fileRef = 3BA881A9289625CF00C8DA3A /* ChartInfoPresenterMock.swift */; };
		3BEE879A2891ED11007CB88F /* AppDelegate.swift in Sources */ = {isa = PBXBuildFile; fileRef = 3BEE87992891ED11007CB88F /* AppDelegate.swift */; };
		3BEE879C2891ED11007CB88F /* SceneDelegate.swift in Sources */ = {isa = PBXBuildFile; fileRef = 3BEE879B2891ED11007CB88F /* SceneDelegate.swift */; };
		3BEE87A32891ED15007CB88F /* Assets.xcassets in Resources */ = {isa = PBXBuildFile; fileRef = 3BEE87A22891ED15007CB88F /* Assets.xcassets */; };
		3BEE87A62891ED15007CB88F /* LaunchScreen.storyboard in Resources */ = {isa = PBXBuildFile; fileRef = 3BEE87A42891ED15007CB88F /* LaunchScreen.storyboard */; };
		3BEE87D828921213007CB88F /* HomeViewController.swift in Sources */ = {isa = PBXBuildFile; fileRef = 3BEE87D728921213007CB88F /* HomeViewController.swift */; };
		3BEE87DF2892156D007CB88F /* HomeProtocols.swift in Sources */ = {isa = PBXBuildFile; fileRef = 3BEE87DE2892156D007CB88F /* HomeProtocols.swift */; };
		3BEE87E1289216C3007CB88F /* HomePresenterImpl.swift in Sources */ = {isa = PBXBuildFile; fileRef = 3BEE87E0289216C3007CB88F /* HomePresenterImpl.swift */; };
		3BEE87E32892176B007CB88F /* HomeInteractorImpl.swift in Sources */ = {isa = PBXBuildFile; fileRef = 3BEE87E22892176B007CB88F /* HomeInteractorImpl.swift */; };
		3BEE87E528921949007CB88F /* HomeRouterImpl.swift in Sources */ = {isa = PBXBuildFile; fileRef = 3BEE87E428921949007CB88F /* HomeRouterImpl.swift */; };
		3BEE87ED28923AB6007CB88F /* HomeDefaultCell.swift in Sources */ = {isa = PBXBuildFile; fileRef = 3BEE87EC28923AB6007CB88F /* HomeDefaultCell.swift */; };
		3BEE87F028923B8B007CB88F /* UIView+Constraints.swift in Sources */ = {isa = PBXBuildFile; fileRef = 3BEE87EF28923B8B007CB88F /* UIView+Constraints.swift */; };
		3BEE87F228923FA0007CB88F /* UIViewController+Utils.swift in Sources */ = {isa = PBXBuildFile; fileRef = 3BEE87F128923FA0007CB88F /* UIViewController+Utils.swift */; };
		3BEE87F528924257007CB88F /* Reusable.swift in Sources */ = {isa = PBXBuildFile; fileRef = 3BEE87F428924257007CB88F /* Reusable.swift */; };
		3BEE87F72892466A007CB88F /* HomeCellType.swift in Sources */ = {isa = PBXBuildFile; fileRef = 3BEE87F62892466A007CB88F /* HomeCellType.swift */; };
/* End PBXBuildFile section */

/* Begin PBXContainerItemProxy section */
		3BEE87AD2891ED15007CB88F /* PBXContainerItemProxy */ = {
			isa = PBXContainerItemProxy;
			containerPortal = 3BEE878E2891ED11007CB88F /* Project object */;
			proxyType = 1;
			remoteGlobalIDString = 3BEE87952891ED11007CB88F;
			remoteInfo = iOSZeus;
		};
/* End PBXContainerItemProxy section */

/* Begin PBXFileReference section */
		3B16C27F2892D52D0078C602 /* GConstants.swift */ = {isa = PBXFileReference; lastKnownFileType = sourcecode.swift; path = GConstants.swift; sourceTree = "<group>"; };
		3B16C2892892E1160078C602 /* CameraViewController.swift */ = {isa = PBXFileReference; lastKnownFileType = sourcecode.swift; path = CameraViewController.swift; sourceTree = "<group>"; };
		3B16C28D2892E2F90078C602 /* CameraPresenterImpl.swift */ = {isa = PBXFileReference; lastKnownFileType = sourcecode.swift; path = CameraPresenterImpl.swift; sourceTree = "<group>"; };
		3B16C28F2892E30C0078C602 /* CameraRouterImpl.swift */ = {isa = PBXFileReference; lastKnownFileType = sourcecode.swift; path = CameraRouterImpl.swift; sourceTree = "<group>"; };
		3B16C2912892E3300078C602 /* CameraProtocols.swift */ = {isa = PBXFileReference; lastKnownFileType = sourcecode.swift; path = CameraProtocols.swift; sourceTree = "<group>"; };
		3B16C29428933C3E0078C602 /* GLocalizable.swift */ = {isa = PBXFileReference; lastKnownFileType = sourcecode.swift; path = GLocalizable.swift; sourceTree = "<group>"; };
		3B16C29C289342D60078C602 /* ChartInfoProtocols.swift */ = {isa = PBXFileReference; lastKnownFileType = sourcecode.swift; path = ChartInfoProtocols.swift; sourceTree = "<group>"; };
		3B16C29F289345AB0078C602 /* ApiClient.swift */ = {isa = PBXFileReference; lastKnownFileType = sourcecode.swift; path = ApiClient.swift; sourceTree = "<group>"; };
		3B16C2A1289345B40078C602 /* Requester.swift */ = {isa = PBXFileReference; lastKnownFileType = sourcecode.swift; path = Requester.swift; sourceTree = "<group>"; };
		3B16C2A3289345FE0078C602 /* RequestError.swift */ = {isa = PBXFileReference; lastKnownFileType = sourcecode.swift; path = RequestError.swift; sourceTree = "<group>"; };
		3B16C2A6289355AB0078C602 /* Report.swift */ = {isa = PBXFileReference; lastKnownFileType = sourcecode.swift; path = Report.swift; sourceTree = "<group>"; };
		3B16C2A8289356370078C602 /* Company.swift */ = {isa = PBXFileReference; lastKnownFileType = sourcecode.swift; path = Company.swift; sourceTree = "<group>"; };
		3B16C2AA289357220078C602 /* DataChart.swift */ = {isa = PBXFileReference; lastKnownFileType = sourcecode.swift; path = DataChart.swift; sourceTree = "<group>"; };
		3B16C2AD289357C80078C602 /* ChartInfoService.swift */ = {isa = PBXFileReference; lastKnownFileType = sourcecode.swift; path = ChartInfoService.swift; sourceTree = "<group>"; };
		3B16C2B0289359890078C602 /* DataChartDTO+Mapping.swift */ = {isa = PBXFileReference; lastKnownFileType = sourcecode.swift; path = "DataChartDTO+Mapping.swift"; sourceTree = "<group>"; };
		3B16C2B228935DA10078C602 /* ChartInfoInteractorImpl.swift */ = {isa = PBXFileReference; lastKnownFileType = sourcecode.swift; path = ChartInfoInteractorImpl.swift; sourceTree = "<group>"; };
		3B16C2B4289360EE0078C602 /* ChartInfoPresenterImpl.swift */ = {isa = PBXFileReference; lastKnownFileType = sourcecode.swift; path = ChartInfoPresenterImpl.swift; sourceTree = "<group>"; };
		3B16C2B6289361E90078C602 /* ChartInfoViewController.swift */ = {isa = PBXFileReference; lastKnownFileType = sourcecode.swift; path = ChartInfoViewController.swift; sourceTree = "<group>"; };
		3B16C2BC289371260078C602 /* UIViewController+CustomAlerts.swift */ = {isa = PBXFileReference; lastKnownFileType = sourcecode.swift; path = "UIViewController+CustomAlerts.swift"; sourceTree = "<group>"; };
		3B16C2C3289433900078C602 /* ChartInfoItemCell.swift */ = {isa = PBXFileReference; lastKnownFileType = sourcecode.swift; path = ChartInfoItemCell.swift; sourceTree = "<group>"; };
		3B16C2C62894465B0078C602 /* ChartInfoCellViewModel.swift */ = {isa = PBXFileReference; lastKnownFileType = sourcecode.swift; path = ChartInfoCellViewModel.swift; sourceTree = "<group>"; };
		3BA881372894717C00C8DA3A /* GoogleService-Info.plist */ = {isa = PBXFileReference; fileEncoding = 4; lastKnownFileType = text.plist.xml; path = "GoogleService-Info.plist"; sourceTree = "<group>"; };
		3BA8813F2894818700C8DA3A /* HomeServiceImpl.swift */ = {isa = PBXFileReference; lastKnownFileType = sourcecode.swift; path = HomeServiceImpl.swift; sourceTree = "<group>"; };
		3BA88141289481CF00C8DA3A /* FirestoreClientRequester.swift */ = {isa = PBXFileReference; lastKnownFileType = sourcecode.swift; path = FirestoreClientRequester.swift; sourceTree = "<group>"; };
		3BA881442894877100C8DA3A /* SuccessDTO.swift */ = {isa = PBXFileReference; lastKnownFileType = sourcecode.swift; path = SuccessDTO.swift; sourceTree = "<group>"; };
		3BA88146289489F700C8DA3A /* Settings.swift */ = {isa = PBXFileReference; lastKnownFileType = sourcecode.swift; path = Settings.swift; sourceTree = "<group>"; };
		3BA8814828948A6C00C8DA3A /* SettingsDTO.swift */ = {isa = PBXFileReference; lastKnownFileType = sourcecode.swift; path = SettingsDTO.swift; sourceTree = "<group>"; };
		3BA8814B2895610900C8DA3A /* FirestoreImageCDN.swift */ = {isa = PBXFileReference; lastKnownFileType = sourcecode.swift; path = FirestoreImageCDN.swift; sourceTree = "<group>"; };
		3BA8814D289561FC00C8DA3A /* ImageCDN.swift */ = {isa = PBXFileReference; lastKnownFileType = sourcecode.swift; path = ImageCDN.swift; sourceTree = "<group>"; };
		3BA8814F2895626700C8DA3A /* ErrorImageCDN.swift */ = {isa = PBXFileReference; lastKnownFileType = sourcecode.swift; path = ErrorImageCDN.swift; sourceTree = "<group>"; };
		3BA88153289568D800C8DA3A /* SpinnerDisplayable.swift */ = {isa = PBXFileReference; lastKnownFileType = sourcecode.swift; path = SpinnerDisplayable.swift; sourceTree = "<group>"; };
		3BA881552895778A00C8DA3A /* UserData.swift */ = {isa = PBXFileReference; lastKnownFileType = sourcecode.swift; path = UserData.swift; sourceTree = "<group>"; };
		3BA88157289577CF00C8DA3A /* UserDataDTO.swift */ = {isa = PBXFileReference; lastKnownFileType = sourcecode.swift; path = UserDataDTO.swift; sourceTree = "<group>"; };
		3BA8815928957E2B00C8DA3A /* UserDataBag.swift */ = {isa = PBXFileReference; lastKnownFileType = sourcecode.swift; path = UserDataBag.swift; sourceTree = "<group>"; };
		3BA881622895809000C8DA3A /* SeeSelfieViewController.swift */ = {isa = PBXFileReference; lastKnownFileType = sourcecode.swift; path = SeeSelfieViewController.swift; sourceTree = "<group>"; };
		3BA88164289580B600C8DA3A /* SeeSelfieProtocols.swift */ = {isa = PBXFileReference; lastKnownFileType = sourcecode.swift; path = SeeSelfieProtocols.swift; sourceTree = "<group>"; };
		3BA881662895821600C8DA3A /* SeeSelfiePresenterImpl.swift */ = {isa = PBXFileReference; lastKnownFileType = sourcecode.swift; path = SeeSelfiePresenterImpl.swift; sourceTree = "<group>"; };
		3BA88169289582AB00C8DA3A /* SeeSelfieInteractorImpl.swift */ = {isa = PBXFileReference; lastKnownFileType = sourcecode.swift; path = SeeSelfieInteractorImpl.swift; sourceTree = "<group>"; };
		3BA8816B2895880B00C8DA3A /* UIImageView+DownloadImage.swift */ = {isa = PBXFileReference; lastKnownFileType = sourcecode.swift; path = "UIImageView+DownloadImage.swift"; sourceTree = "<group>"; };
		3BA8816D28958E5900C8DA3A /* CustomRequester.swift */ = {isa = PBXFileReference; lastKnownFileType = sourcecode.swift; path = CustomRequester.swift; sourceTree = "<group>"; };
		3BA881712895CD4300C8DA3A /* GImages.swift */ = {isa = PBXFileReference; lastKnownFileType = sourcecode.swift; path = GImages.swift; sourceTree = "<group>"; };
		3BA881752895CE8100C8DA3A /* ModulesFactoryImpl.swift */ = {isa = PBXFileReference; lastKnownFileType = sourcecode.swift; path = ModulesFactoryImpl.swift; sourceTree = "<group>"; };
		3BA881772895D2A700C8DA3A /* ModulesFactory.swift */ = {isa = PBXFileReference; lastKnownFileType = sourcecode.swift; path = ModulesFactory.swift; sourceTree = "<group>"; };
		3BA8817A2895DBDF00C8DA3A /* CollectionDocuments.swift */ = {isa = PBXFileReference; lastKnownFileType = sourcecode.swift; path = CollectionDocuments.swift; sourceTree = "<group>"; };
		3BA881822895F66B00C8DA3A /* SeeSelfiePresenterTests.swift */ = {isa = PBXFileReference; lastKnownFileType = sourcecode.swift; path = SeeSelfiePresenterTests.swift; sourceTree = "<group>"; };
		3BA881852895F79D00C8DA3A /* SeeSelfieInteractorMock.swift */ = {isa = PBXFileReference; lastKnownFileType = sourcecode.swift; path = SeeSelfieInteractorMock.swift; sourceTree = "<group>"; };
		3BA881872895F94A00C8DA3A /* SeeSelfieInteractorTests.swift */ = {isa = PBXFileReference; lastKnownFileType = sourcecode.swift; path = SeeSelfieInteractorTests.swift; sourceTree = "<group>"; };
		3BA881892895FAED00C8DA3A /* SeeSelfieViewControllerTest.swift */ = {isa = PBXFileReference; lastKnownFileType = sourcecode.swift; path = SeeSelfieViewControllerTest.swift; sourceTree = "<group>"; };
		3BA8818B2895FB9100C8DA3A /* SeeSelfiePresenterMock.swift */ = {isa = PBXFileReference; lastKnownFileType = sourcecode.swift; path = SeeSelfiePresenterMock.swift; sourceTree = "<group>"; };
		3BA8818F289600F900C8DA3A /* ChartInfoServiceStub.swift */ = {isa = PBXFileReference; lastKnownFileType = sourcecode.swift; path = ChartInfoServiceStub.swift; sourceTree = "<group>"; };
		3BA881912896027200C8DA3A /* ChartInteractorTests.swift */ = {isa = PBXFileReference; lastKnownFileType = sourcecode.swift; path = ChartInteractorTests.swift; sourceTree = "<group>"; };
		3BA8819328960C4F00C8DA3A /* ChartPresenterTest.swift */ = {isa = PBXFileReference; lastKnownFileType = sourcecode.swift; path = ChartPresenterTest.swift; sourceTree = "<group>"; };
		3BA8819528960CC800C8DA3A /* ChartInfoInteractorMock.swift */ = {isa = PBXFileReference; lastKnownFileType = sourcecode.swift; path = ChartInfoInteractorMock.swift; sourceTree = "<group>"; };
		3BA881972896101C00C8DA3A /* ChartInfoCellViewModelTest.swift */ = {isa = PBXFileReference; lastKnownFileType = sourcecode.swift; path = ChartInfoCellViewModelTest.swift; sourceTree = "<group>"; };
		3BA881992896128B00C8DA3A /* ChartInfoServiceTest.swift */ = {isa = PBXFileReference; lastKnownFileType = sourcecode.swift; path = ChartInfoServiceTest.swift; sourceTree = "<group>"; };
		3BA8819D289614C600C8DA3A /* FakeSession.swift */ = {isa = PBXFileReference; lastKnownFileType = sourcecode.swift; path = FakeSession.swift; sourceTree = "<group>"; };
		3BA881A1289617A000C8DA3A /* MockJSONData.swift */ = {isa = PBXFileReference; lastKnownFileType = sourcecode.swift; path = MockJSONData.swift; sourceTree = "<group>"; };
		3BA881A32896182B00C8DA3A /* DataChartDTO.json */ = {isa = PBXFileReference; fileEncoding = 4; lastKnownFileType = text.json; path = DataChartDTO.json; sourceTree = "<group>"; };
		3BA881A5289620C900C8DA3A /* ChartInfoItemCellTest.swift */ = {isa = PBXFileReference; lastKnownFileType = sourcecode.swift; path = ChartInfoItemCellTest.swift; sourceTree = "<group>"; };
		3BA881A72896256800C8DA3A /* ChartInfoViewControllerTest.swift */ = {isa = PBXFileReference; lastKnownFileType = sourcecode.swift; path = ChartInfoViewControllerTest.swift; sourceTree = "<group>"; };
		3BA881A9289625CF00C8DA3A /* ChartInfoPresenterMock.swift */ = {isa = PBXFileReference; lastKnownFileType = sourcecode.swift; path = ChartInfoPresenterMock.swift; sourceTree = "<group>"; };
		3BEE87962891ED11007CB88F /* iOSZeus.app */ = {isa = PBXFileReference; explicitFileType = wrapper.application; includeInIndex = 0; path = iOSZeus.app; sourceTree = BUILT_PRODUCTS_DIR; };
		3BEE87992891ED11007CB88F /* AppDelegate.swift */ = {isa = PBXFileReference; lastKnownFileType = sourcecode.swift; path = AppDelegate.swift; sourceTree = "<group>"; };
		3BEE879B2891ED11007CB88F /* SceneDelegate.swift */ = {isa = PBXFileReference; lastKnownFileType = sourcecode.swift; path = SceneDelegate.swift; sourceTree = "<group>"; };
		3BEE87A22891ED15007CB88F /* Assets.xcassets */ = {isa = PBXFileReference; lastKnownFileType = folder.assetcatalog; path = Assets.xcassets; sourceTree = "<group>"; };
		3BEE87A52891ED15007CB88F /* Base */ = {isa = PBXFileReference; lastKnownFileType = file.storyboard; name = Base; path = Base.lproj/LaunchScreen.storyboard; sourceTree = "<group>"; };
		3BEE87A72891ED15007CB88F /* Info.plist */ = {isa = PBXFileReference; lastKnownFileType = text.plist.xml; path = Info.plist; sourceTree = "<group>"; };
		3BEE87AC2891ED15007CB88F /* iOSZeusTests.xctest */ = {isa = PBXFileReference; explicitFileType = wrapper.cfbundle; includeInIndex = 0; path = iOSZeusTests.xctest; sourceTree = BUILT_PRODUCTS_DIR; };
		3BEE87D728921213007CB88F /* HomeViewController.swift */ = {isa = PBXFileReference; lastKnownFileType = sourcecode.swift; path = HomeViewController.swift; sourceTree = "<group>"; };
		3BEE87DE2892156D007CB88F /* HomeProtocols.swift */ = {isa = PBXFileReference; lastKnownFileType = sourcecode.swift; path = HomeProtocols.swift; sourceTree = "<group>"; };
		3BEE87E0289216C3007CB88F /* HomePresenterImpl.swift */ = {isa = PBXFileReference; lastKnownFileType = sourcecode.swift; path = HomePresenterImpl.swift; sourceTree = "<group>"; };
		3BEE87E22892176B007CB88F /* HomeInteractorImpl.swift */ = {isa = PBXFileReference; lastKnownFileType = sourcecode.swift; path = HomeInteractorImpl.swift; sourceTree = "<group>"; };
		3BEE87E428921949007CB88F /* HomeRouterImpl.swift */ = {isa = PBXFileReference; lastKnownFileType = sourcecode.swift; path = HomeRouterImpl.swift; sourceTree = "<group>"; };
		3BEE87EC28923AB6007CB88F /* HomeDefaultCell.swift */ = {isa = PBXFileReference; lastKnownFileType = sourcecode.swift; path = HomeDefaultCell.swift; sourceTree = "<group>"; };
		3BEE87EF28923B8B007CB88F /* UIView+Constraints.swift */ = {isa = PBXFileReference; lastKnownFileType = sourcecode.swift; path = "UIView+Constraints.swift"; sourceTree = "<group>"; };
		3BEE87F128923FA0007CB88F /* UIViewController+Utils.swift */ = {isa = PBXFileReference; lastKnownFileType = sourcecode.swift; path = "UIViewController+Utils.swift"; sourceTree = "<group>"; };
		3BEE87F428924257007CB88F /* Reusable.swift */ = {isa = PBXFileReference; lastKnownFileType = sourcecode.swift; path = Reusable.swift; sourceTree = "<group>"; };
		3BEE87F62892466A007CB88F /* HomeCellType.swift */ = {isa = PBXFileReference; lastKnownFileType = sourcecode.swift; path = HomeCellType.swift; sourceTree = "<group>"; };
/* End PBXFileReference section */

/* Begin PBXFrameworksBuildPhase section */
		3BEE87932891ED11007CB88F /* Frameworks */ = {
			isa = PBXFrameworksBuildPhase;
			buildActionMask = 2147483647;
			files = (
				3B16C2C028942C0B0078C602 /* Charts in Frameworks */,
				3BA8813B289472E900C8DA3A /* FirebaseFirestoreSwift in Frameworks */,
				3BA8813D289472E900C8DA3A /* FirebaseStorage in Frameworks */,
			);
			runOnlyForDeploymentPostprocessing = 0;
		};
		3BEE87A92891ED15007CB88F /* Frameworks */ = {
			isa = PBXFrameworksBuildPhase;
			buildActionMask = 2147483647;
			files = (
			);
			runOnlyForDeploymentPostprocessing = 0;
		};
/* End PBXFrameworksBuildPhase section */

/* Begin PBXGroup section */
		3B16C27E2892D51E0078C602 /* Constants */ = {
			isa = PBXGroup;
			children = (
				3B16C27F2892D52D0078C602 /* GConstants.swift */,
				3BA881712895CD4300C8DA3A /* GImages.swift */,
			);
			path = Constants;
			sourceTree = "<group>";
		};
		3B16C2812892E0620078C602 /* Camera */ = {
			isa = PBXGroup;
			children = (
				3B16C2862892E0A20078C602 /* Router */,
				3B16C2852892E0990078C602 /* Presenter */,
				3B16C2832892E0830078C602 /* View */,
				3B16C2822892E07B0078C602 /* Support */,
			);
			path = Camera;
			sourceTree = "<group>";
		};
		3B16C2822892E07B0078C602 /* Support */ = {
			isa = PBXGroup;
			children = (
				3B16C2912892E3300078C602 /* CameraProtocols.swift */,
			);
			path = Support;
			sourceTree = "<group>";
		};
		3B16C2832892E0830078C602 /* View */ = {
			isa = PBXGroup;
			children = (
				3B16C2892892E1160078C602 /* CameraViewController.swift */,
			);
			path = View;
			sourceTree = "<group>";
		};
		3B16C2852892E0990078C602 /* Presenter */ = {
			isa = PBXGroup;
			children = (
				3B16C28D2892E2F90078C602 /* CameraPresenterImpl.swift */,
			);
			path = Presenter;
			sourceTree = "<group>";
		};
		3B16C2862892E0A20078C602 /* Router */ = {
			isa = PBXGroup;
			children = (
				3B16C28F2892E30C0078C602 /* CameraRouterImpl.swift */,
			);
			path = Router;
			sourceTree = "<group>";
		};
		3B16C29328933C2A0078C602 /* Localizable */ = {
			isa = PBXGroup;
			children = (
				3B16C29428933C3E0078C602 /* GLocalizable.swift */,
			);
			path = Localizable;
			sourceTree = "<group>";
		};
		3B16C296289342710078C602 /* ChartInfo */ = {
			isa = PBXGroup;
			children = (
				3B16C2AC289357730078C602 /* Services */,
				3B16C29A289342A20078C602 /* Support */,
				3B16C299289342960078C602 /* Presenter */,
				3B16C298289342900078C602 /* Interactor */,
				3B16C2972893428B0078C602 /* View */,
			);
			path = ChartInfo;
			sourceTree = "<group>";
		};
		3B16C2972893428B0078C602 /* View */ = {
			isa = PBXGroup;
			children = (
				3B16C2C5289446360078C602 /* ViewModel */,
				3B16C2C2289433790078C602 /* Cell */,
				3B16C2B6289361E90078C602 /* ChartInfoViewController.swift */,
			);
			path = View;
			sourceTree = "<group>";
		};
		3B16C298289342900078C602 /* Interactor */ = {
			isa = PBXGroup;
			children = (
				3B16C2B228935DA10078C602 /* ChartInfoInteractorImpl.swift */,
			);
			path = Interactor;
			sourceTree = "<group>";
		};
		3B16C299289342960078C602 /* Presenter */ = {
			isa = PBXGroup;
			children = (
				3B16C2B4289360EE0078C602 /* ChartInfoPresenterImpl.swift */,
			);
			path = Presenter;
			sourceTree = "<group>";
		};
		3B16C29A289342A20078C602 /* Support */ = {
			isa = PBXGroup;
			children = (
				3B16C29C289342D60078C602 /* ChartInfoProtocols.swift */,
			);
			path = Support;
			sourceTree = "<group>";
		};
		3B16C29E2893455F0078C602 /* Networking */ = {
			isa = PBXGroup;
			children = (
				3BA881512895649800C8DA3A /* API */,
				3BA8814A289560E100C8DA3A /* CDNImages */,
			);
			path = Networking;
			sourceTree = "<group>";
		};
		3B16C2A5289354EC0078C602 /* Models */ = {
			isa = PBXGroup;
			children = (
				3B16C2A6289355AB0078C602 /* Report.swift */,
				3B16C2A8289356370078C602 /* Company.swift */,
				3B16C2AA289357220078C602 /* DataChart.swift */,
				3BA88146289489F700C8DA3A /* Settings.swift */,
				3BA881552895778A00C8DA3A /* UserData.swift */,
				3BA8815928957E2B00C8DA3A /* UserDataBag.swift */,
			);
			path = Models;
			sourceTree = "<group>";
		};
		3B16C2AC289357730078C602 /* Services */ = {
			isa = PBXGroup;
			children = (
				3B16C2AF289359320078C602 /* DataMapping */,
				3B16C2AD289357C80078C602 /* ChartInfoService.swift */,
			);
			path = Services;
			sourceTree = "<group>";
		};
		3B16C2AF289359320078C602 /* DataMapping */ = {
			isa = PBXGroup;
			children = (
				3B16C2B0289359890078C602 /* DataChartDTO+Mapping.swift */,
			);
			path = DataMapping;
			sourceTree = "<group>";
		};
		3B16C2C2289433790078C602 /* Cell */ = {
			isa = PBXGroup;
			children = (
				3B16C2C3289433900078C602 /* ChartInfoItemCell.swift */,
			);
			path = Cell;
			sourceTree = "<group>";
		};
		3B16C2C5289446360078C602 /* ViewModel */ = {
			isa = PBXGroup;
			children = (
				3B16C2C62894465B0078C602 /* ChartInfoCellViewModel.swift */,
			);
			path = ViewModel;
			sourceTree = "<group>";
		};
		3BA8813E2894816C00C8DA3A /* HomeService */ = {
			isa = PBXGroup;
			children = (
				3BA881432894875800C8DA3A /* DataMapping */,
				3BA8813F2894818700C8DA3A /* HomeServiceImpl.swift */,
			);
			path = HomeService;
			sourceTree = "<group>";
		};
		3BA881432894875800C8DA3A /* DataMapping */ = {
			isa = PBXGroup;
			children = (
				3BA881442894877100C8DA3A /* SuccessDTO.swift */,
				3BA8814828948A6C00C8DA3A /* SettingsDTO.swift */,
				3BA88157289577CF00C8DA3A /* UserDataDTO.swift */,
			);
			path = DataMapping;
			sourceTree = "<group>";
		};
		3BA8814A289560E100C8DA3A /* CDNImages */ = {
			isa = PBXGroup;
			children = (
				3BA8814B2895610900C8DA3A /* FirestoreImageCDN.swift */,
				3BA8814D289561FC00C8DA3A /* ImageCDN.swift */,
				3BA8814F2895626700C8DA3A /* ErrorImageCDN.swift */,
			);
			path = CDNImages;
			sourceTree = "<group>";
		};
		3BA881512895649800C8DA3A /* API */ = {
			isa = PBXGroup;
			children = (
				3BA881792895DBB600C8DA3A /* Constants */,
				3BA881702895CC4600C8DA3A /* Request */,
				3BA8816F2895CC2900C8DA3A /* Clients */,
			);
			path = API;
			sourceTree = "<group>";
		};
		3BA88152289568BD00C8DA3A /* Components */ = {
			isa = PBXGroup;
			children = (
				3BA88153289568D800C8DA3A /* SpinnerDisplayable.swift */,
			);
			path = Components;
			sourceTree = "<group>";
		};
		3BA8815B28957F8B00C8DA3A /* SeeSelfie */ = {
			isa = PBXGroup;
			children = (
				3BA881682895828400C8DA3A /* Interactor */,
				3BA8815E28957FB800C8DA3A /* Support */,
				3BA8815D28957FB100C8DA3A /* Presenter */,
				3BA8815C28957F9A00C8DA3A /* View */,
			);
			path = SeeSelfie;
			sourceTree = "<group>";
		};
		3BA8815C28957F9A00C8DA3A /* View */ = {
			isa = PBXGroup;
			children = (
				3BA881622895809000C8DA3A /* SeeSelfieViewController.swift */,
			);
			path = View;
			sourceTree = "<group>";
		};
		3BA8815D28957FB100C8DA3A /* Presenter */ = {
			isa = PBXGroup;
			children = (
				3BA881662895821600C8DA3A /* SeeSelfiePresenterImpl.swift */,
			);
			path = Presenter;
			sourceTree = "<group>";
		};
		3BA8815E28957FB800C8DA3A /* Support */ = {
			isa = PBXGroup;
			children = (
				3BA88164289580B600C8DA3A /* SeeSelfieProtocols.swift */,
			);
			path = Support;
			sourceTree = "<group>";
		};
		3BA881682895828400C8DA3A /* Interactor */ = {
			isa = PBXGroup;
			children = (
				3BA88169289582AB00C8DA3A /* SeeSelfieInteractorImpl.swift */,
			);
			path = Interactor;
			sourceTree = "<group>";
		};
		3BA8816F2895CC2900C8DA3A /* Clients */ = {
			isa = PBXGroup;
			children = (
				3BA88141289481CF00C8DA3A /* FirestoreClientRequester.swift */,
				3B16C29F289345AB0078C602 /* ApiClient.swift */,
			);
			path = Clients;
			sourceTree = "<group>";
		};
		3BA881702895CC4600C8DA3A /* Request */ = {
			isa = PBXGroup;
			children = (
				3B16C2A3289345FE0078C602 /* RequestError.swift */,
				3BA8816D28958E5900C8DA3A /* CustomRequester.swift */,
				3B16C2A1289345B40078C602 /* Requester.swift */,
			);
			path = Request;
			sourceTree = "<group>";
		};
		3BA881732895CDBC00C8DA3A /* CompositionRoot */ = {
			isa = PBXGroup;
			children = (
				3BA881742895CE6100C8DA3A /* ModulesFactory */,
			);
			path = CompositionRoot;
			sourceTree = "<group>";
		};
		3BA881742895CE6100C8DA3A /* ModulesFactory */ = {
			isa = PBXGroup;
			children = (
				3BA881752895CE8100C8DA3A /* ModulesFactoryImpl.swift */,
				3BA881772895D2A700C8DA3A /* ModulesFactory.swift */,
			);
			path = ModulesFactory;
			sourceTree = "<group>";
		};
		3BA881792895DBB600C8DA3A /* Constants */ = {
			isa = PBXGroup;
			children = (
				3BA8817A2895DBDF00C8DA3A /* CollectionDocuments.swift */,
			);
			path = Constants;
			sourceTree = "<group>";
		};
		3BA8817C2895F5C200C8DA3A /* Modules */ = {
			isa = PBXGroup;
			children = (
				3BA8818D289600CA00C8DA3A /* ChartInfo */,
				3BA8817D2895F5CA00C8DA3A /* SeeSelfie */,
			);
			path = Modules;
			sourceTree = "<group>";
		};
		3BA8817D2895F5CA00C8DA3A /* SeeSelfie */ = {
			isa = PBXGroup;
			children = (
				3BA881842895F78100C8DA3A /* Mocks */,
				3BA881822895F66B00C8DA3A /* SeeSelfiePresenterTests.swift */,
				3BA881892895FAED00C8DA3A /* SeeSelfieViewControllerTest.swift */,
				3BA881872895F94A00C8DA3A /* SeeSelfieInteractorTests.swift */,
			);
			path = SeeSelfie;
			sourceTree = "<group>";
		};
		3BA881842895F78100C8DA3A /* Mocks */ = {
			isa = PBXGroup;
			children = (
				3BA881852895F79D00C8DA3A /* SeeSelfieInteractorMock.swift */,
				3BA8818B2895FB9100C8DA3A /* SeeSelfiePresenterMock.swift */,
			);
			path = Mocks;
			sourceTree = "<group>";
		};
		3BA8818D289600CA00C8DA3A /* ChartInfo */ = {
			isa = PBXGroup;
			children = (
				3BA8818E289600D400C8DA3A /* Fake */,
				3BA881912896027200C8DA3A /* ChartInteractorTests.swift */,
				3BA8819328960C4F00C8DA3A /* ChartPresenterTest.swift */,
				3BA881972896101C00C8DA3A /* ChartInfoCellViewModelTest.swift */,
				3BA881992896128B00C8DA3A /* ChartInfoServiceTest.swift */,
				3BA881A5289620C900C8DA3A /* ChartInfoItemCellTest.swift */,
				3BA881A72896256800C8DA3A /* ChartInfoViewControllerTest.swift */,
			);
			path = ChartInfo;
			sourceTree = "<group>";
		};
		3BA8818E289600D400C8DA3A /* Fake */ = {
			isa = PBXGroup;
			children = (
				3BA8818F289600F900C8DA3A /* ChartInfoServiceStub.swift */,
				3BA8819528960CC800C8DA3A /* ChartInfoInteractorMock.swift */,
				3BA8819D289614C600C8DA3A /* FakeSession.swift */,
				3BA881A9289625CF00C8DA3A /* ChartInfoPresenterMock.swift */,
			);
			path = Fake;
			sourceTree = "<group>";
		};
		3BA8819F2896174D00C8DA3A /* Json */ = {
			isa = PBXGroup;
			children = (
				3BA881A32896182B00C8DA3A /* DataChartDTO.json */,
			);
			path = Json;
			sourceTree = "<group>";
		};
		3BA881A02896176900C8DA3A /* Networking */ = {
			isa = PBXGroup;
			children = (
				3BA881A1289617A000C8DA3A /* MockJSONData.swift */,
			);
			path = Networking;
			sourceTree = "<group>";
		};
		3BEE878D2891ED11007CB88F = {
			isa = PBXGroup;
			children = (
				3BEE87982891ED11007CB88F /* iOSZeus */,
				3BEE87AF2891ED15007CB88F /* iOSZeusTests */,
				3BEE87972891ED11007CB88F /* Products */,
			);
			sourceTree = "<group>";
		};
		3BEE87972891ED11007CB88F /* Products */ = {
			isa = PBXGroup;
			children = (
				3BEE87962891ED11007CB88F /* iOSZeus.app */,
				3BEE87AC2891ED15007CB88F /* iOSZeusTests.xctest */,
			);
			name = Products;
			sourceTree = "<group>";
		};
		3BEE87982891ED11007CB88F /* iOSZeus */ = {
			isa = PBXGroup;
			children = (
				3BEE87CA28920FAC007CB88F /* SystemApp */,
				3BEE87C928920FA4007CB88F /* App */,
				3BEE87A72891ED15007CB88F /* Info.plist */,
			);
			path = iOSZeus;
			sourceTree = "<group>";
		};
		3BEE87AF2891ED15007CB88F /* iOSZeusTests */ = {
			isa = PBXGroup;
			children = (
				3BA881A02896176900C8DA3A /* Networking */,
				3BA8819F2896174D00C8DA3A /* Json */,
				3BA8817C2895F5C200C8DA3A /* Modules */,
			);
			path = iOSZeusTests;
			sourceTree = "<group>";
		};
		3BEE87C928920FA4007CB88F /* App */ = {
			isa = PBXGroup;
			children = (
				3BA881732895CDBC00C8DA3A /* CompositionRoot */,
				3B16C2A5289354EC0078C602 /* Models */,
				3B16C29E2893455F0078C602 /* Networking */,
				3BEE87D9289212CE007CB88F /* Common */,
				3BEE87CC28920FF9007CB88F /* Modules */,
				3BEE87CB28920FD2007CB88F /* Resources */,
			);
			path = App;
			sourceTree = "<group>";
		};
		3BEE87CA28920FAC007CB88F /* SystemApp */ = {
			isa = PBXGroup;
			children = (
				3BEE87992891ED11007CB88F /* AppDelegate.swift */,
				3BEE879B2891ED11007CB88F /* SceneDelegate.swift */,
			);
			path = SystemApp;
			sourceTree = "<group>";
		};
		3BEE87CB28920FD2007CB88F /* Resources */ = {
			isa = PBXGroup;
			children = (
				3BA881372894717C00C8DA3A /* GoogleService-Info.plist */,
				3BEE87A22891ED15007CB88F /* Assets.xcassets */,
			);
			path = Resources;
			sourceTree = "<group>";
		};
		3BEE87CC28920FF9007CB88F /* Modules */ = {
			isa = PBXGroup;
			children = (
				3BA8815B28957F8B00C8DA3A /* SeeSelfie */,
				3B16C296289342710078C602 /* ChartInfo */,
				3B16C2812892E0620078C602 /* Camera */,
				3BEE87CE28921130007CB88F /* Home */,
				3BEE87CD28921000007CB88F /* LauchScreen */,
			);
			path = Modules;
			sourceTree = "<group>";
		};
		3BEE87CD28921000007CB88F /* LauchScreen */ = {
			isa = PBXGroup;
			children = (
				3BEE87A42891ED15007CB88F /* LaunchScreen.storyboard */,
			);
			path = LauchScreen;
			sourceTree = "<group>";
		};
		3BEE87CE28921130007CB88F /* Home */ = {
			isa = PBXGroup;
			children = (
				3BA8813E2894816C00C8DA3A /* HomeService */,
				3BEE87D42892119A007CB88F /* Support */,
				3BEE87CF28921135007CB88F /* View */,
				3BEE87D128921143007CB88F /* Interactor */,
				3BEE87D02892113C007CB88F /* Presenter */,
				3BEE87D22892114A007CB88F /* Router */,
			);
			path = Home;
			sourceTree = "<group>";
		};
		3BEE87CF28921135007CB88F /* View */ = {
			isa = PBXGroup;
			children = (
				3BEE87E828923A3D007CB88F /* Cells */,
				3BEE87D728921213007CB88F /* HomeViewController.swift */,
			);
			path = View;
			sourceTree = "<group>";
		};
		3BEE87D02892113C007CB88F /* Presenter */ = {
			isa = PBXGroup;
			children = (
				3BEE87E0289216C3007CB88F /* HomePresenterImpl.swift */,
			);
			path = Presenter;
			sourceTree = "<group>";
		};
		3BEE87D128921143007CB88F /* Interactor */ = {
			isa = PBXGroup;
			children = (
				3BEE87E22892176B007CB88F /* HomeInteractorImpl.swift */,
			);
			path = Interactor;
			sourceTree = "<group>";
		};
		3BEE87D22892114A007CB88F /* Router */ = {
			isa = PBXGroup;
			children = (
				3BEE87E428921949007CB88F /* HomeRouterImpl.swift */,
			);
			path = Router;
			sourceTree = "<group>";
		};
		3BEE87D328921187007CB88F /* Factory */ = {
			isa = PBXGroup;
			children = (
			);
			path = Factory;
			sourceTree = "<group>";
		};
		3BEE87D42892119A007CB88F /* Support */ = {
			isa = PBXGroup;
			children = (
				3BEE87DD2892155A007CB88F /* Protocols */,
				3BEE87D328921187007CB88F /* Factory */,
				3BEE87F62892466A007CB88F /* HomeCellType.swift */,
			);
			path = Support;
			sourceTree = "<group>";
		};
		3BEE87D9289212CE007CB88F /* Common */ = {
			isa = PBXGroup;
			children = (
				3BA88152289568BD00C8DA3A /* Components */,
				3B16C29328933C2A0078C602 /* Localizable */,
				3B16C27E2892D51E0078C602 /* Constants */,
				3BEE87F328924248007CB88F /* Protocols */,
				3BEE87EE28923B7A007CB88F /* Extensions */,
			);
			path = Common;
			sourceTree = "<group>";
		};
		3BEE87DD2892155A007CB88F /* Protocols */ = {
			isa = PBXGroup;
			children = (
				3BEE87DE2892156D007CB88F /* HomeProtocols.swift */,
			);
			path = Protocols;
			sourceTree = "<group>";
		};
		3BEE87E828923A3D007CB88F /* Cells */ = {
			isa = PBXGroup;
			children = (
				3BEE87EC28923AB6007CB88F /* HomeDefaultCell.swift */,
			);
			path = Cells;
			sourceTree = "<group>";
		};
		3BEE87EE28923B7A007CB88F /* Extensions */ = {
			isa = PBXGroup;
			children = (
				3BEE87EF28923B8B007CB88F /* UIView+Constraints.swift */,
				3BEE87F128923FA0007CB88F /* UIViewController+Utils.swift */,
				3B16C2BC289371260078C602 /* UIViewController+CustomAlerts.swift */,
				3BA8816B2895880B00C8DA3A /* UIImageView+DownloadImage.swift */,
			);
			path = Extensions;
			sourceTree = "<group>";
		};
		3BEE87F328924248007CB88F /* Protocols */ = {
			isa = PBXGroup;
			children = (
				3BEE87F428924257007CB88F /* Reusable.swift */,
			);
			path = Protocols;
			sourceTree = "<group>";
		};
/* End PBXGroup section */

/* Begin PBXNativeTarget section */
		3BEE87952891ED11007CB88F /* iOSZeus */ = {
			isa = PBXNativeTarget;
			buildConfigurationList = 3BEE87C02891ED15007CB88F /* Build configuration list for PBXNativeTarget "iOSZeus" */;
			buildPhases = (
				3BEE87922891ED11007CB88F /* Sources */,
				3BEE87932891ED11007CB88F /* Frameworks */,
				3BEE87942891ED11007CB88F /* Resources */,
			);
			buildRules = (
			);
			dependencies = (
			);
			name = iOSZeus;
			packageProductDependencies = (
				3B16C2BF28942C0B0078C602 /* Charts */,
				3BA8813A289472E900C8DA3A /* FirebaseFirestoreSwift */,
				3BA8813C289472E900C8DA3A /* FirebaseStorage */,
			);
			productName = iOSZeus;
			productReference = 3BEE87962891ED11007CB88F /* iOSZeus.app */;
			productType = "com.apple.product-type.application";
		};
		3BEE87AB2891ED15007CB88F /* iOSZeusTests */ = {
			isa = PBXNativeTarget;
			buildConfigurationList = 3BEE87C32891ED15007CB88F /* Build configuration list for PBXNativeTarget "iOSZeusTests" */;
			buildPhases = (
				3BEE87A82891ED15007CB88F /* Sources */,
				3BEE87A92891ED15007CB88F /* Frameworks */,
				3BEE87AA2891ED15007CB88F /* Resources */,
			);
			buildRules = (
			);
			dependencies = (
				3BEE87AE2891ED15007CB88F /* PBXTargetDependency */,
			);
			name = iOSZeusTests;
			productName = iOSZeusTests;
			productReference = 3BEE87AC2891ED15007CB88F /* iOSZeusTests.xctest */;
			productType = "com.apple.product-type.bundle.unit-test";
		};
/* End PBXNativeTarget section */

/* Begin PBXProject section */
		3BEE878E2891ED11007CB88F /* Project object */ = {
			isa = PBXProject;
			attributes = {
				BuildIndependentTargetsInParallel = 1;
				LastSwiftUpdateCheck = 1330;
				LastUpgradeCheck = 1330;
				TargetAttributes = {
					3BEE87952891ED11007CB88F = {
						CreatedOnToolsVersion = 13.3;
					};
					3BEE87AB2891ED15007CB88F = {
						CreatedOnToolsVersion = 13.3;
						LastSwiftMigration = 1330;
						TestTargetID = 3BEE87952891ED11007CB88F;
					};
				};
			};
			buildConfigurationList = 3BEE87912891ED11007CB88F /* Build configuration list for PBXProject "iOSZeus" */;
			compatibilityVersion = "Xcode 13.0";
			developmentRegion = en;
			hasScannedForEncodings = 0;
			knownRegions = (
				en,
				Base,
			);
			mainGroup = 3BEE878D2891ED11007CB88F;
			packageReferences = (
				3B16C2BE28942C0B0078C602 /* XCRemoteSwiftPackageReference "Charts" */,
				3BA88139289472E900C8DA3A /* XCRemoteSwiftPackageReference "firebase-ios-sdk" */,
			);
			productRefGroup = 3BEE87972891ED11007CB88F /* Products */;
			projectDirPath = "";
			projectRoot = "";
			targets = (
				3BEE87952891ED11007CB88F /* iOSZeus */,
				3BEE87AB2891ED15007CB88F /* iOSZeusTests */,
			);
		};
/* End PBXProject section */

/* Begin PBXResourcesBuildPhase section */
		3BEE87942891ED11007CB88F /* Resources */ = {
			isa = PBXResourcesBuildPhase;
			buildActionMask = 2147483647;
			files = (
				3BEE87A62891ED15007CB88F /* LaunchScreen.storyboard in Resources */,
				3BEE87A32891ED15007CB88F /* Assets.xcassets in Resources */,
				3BA881382894717C00C8DA3A /* GoogleService-Info.plist in Resources */,
			);
			runOnlyForDeploymentPostprocessing = 0;
		};
		3BEE87AA2891ED15007CB88F /* Resources */ = {
			isa = PBXResourcesBuildPhase;
			buildActionMask = 2147483647;
			files = (
				3BA881A42896182B00C8DA3A /* DataChartDTO.json in Resources */,
			);
			runOnlyForDeploymentPostprocessing = 0;
		};
/* End PBXResourcesBuildPhase section */

/* Begin PBXSourcesBuildPhase section */
		3BEE87922891ED11007CB88F /* Sources */ = {
			isa = PBXSourcesBuildPhase;
			buildActionMask = 2147483647;
			files = (
				3B16C29D289342D60078C602 /* ChartInfoProtocols.swift in Sources */,
				3BEE879A2891ED11007CB88F /* AppDelegate.swift in Sources */,
				3BA881502895626700C8DA3A /* ErrorImageCDN.swift in Sources */,
				3B16C2A2289345B40078C602 /* Requester.swift in Sources */,
				3B16C2802892D52D0078C602 /* GConstants.swift in Sources */,
				3BA881402894818700C8DA3A /* HomeServiceImpl.swift in Sources */,
				3B16C2A0289345AB0078C602 /* ApiClient.swift in Sources */,
				3B16C2AE289357C80078C602 /* ChartInfoService.swift in Sources */,
				3B16C2A7289355AB0078C602 /* Report.swift in Sources */,
				3BA88165289580B600C8DA3A /* SeeSelfieProtocols.swift in Sources */,
				3B16C2BD289371260078C602 /* UIViewController+CustomAlerts.swift in Sources */,
				3BEE87E32892176B007CB88F /* HomeInteractorImpl.swift in Sources */,
				3B16C2C72894465B0078C602 /* ChartInfoCellViewModel.swift in Sources */,
				3BA881762895CE8100C8DA3A /* ModulesFactoryImpl.swift in Sources */,
				3B16C28A2892E1160078C602 /* CameraViewController.swift in Sources */,
				3BA8814C2895610900C8DA3A /* FirestoreImageCDN.swift in Sources */,
				3B16C28E2892E2F90078C602 /* CameraPresenterImpl.swift in Sources */,
				3B16C2922892E3300078C602 /* CameraProtocols.swift in Sources */,
				3BEE87F028923B8B007CB88F /* UIView+Constraints.swift in Sources */,
				3BA881562895778A00C8DA3A /* UserData.swift in Sources */,
				3B16C2902892E30C0078C602 /* CameraRouterImpl.swift in Sources */,
				3B16C2A4289345FE0078C602 /* RequestError.swift in Sources */,
				3BA88147289489F700C8DA3A /* Settings.swift in Sources */,
				3BEE87F72892466A007CB88F /* HomeCellType.swift in Sources */,
				3B16C2B328935DA10078C602 /* ChartInfoInteractorImpl.swift in Sources */,
				3BEE879C2891ED11007CB88F /* SceneDelegate.swift in Sources */,
				3BA8816C2895880B00C8DA3A /* UIImageView+DownloadImage.swift in Sources */,
				3B16C29528933C3E0078C602 /* GLocalizable.swift in Sources */,
				3BEE87ED28923AB6007CB88F /* HomeDefaultCell.swift in Sources */,
				3BA881672895821600C8DA3A /* SeeSelfiePresenterImpl.swift in Sources */,
				3B16C2AB289357220078C602 /* DataChart.swift in Sources */,
				3BA8814E289561FC00C8DA3A /* ImageCDN.swift in Sources */,
				3BA8817B2895DBDF00C8DA3A /* CollectionDocuments.swift in Sources */,
				3BEE87D828921213007CB88F /* HomeViewController.swift in Sources */,
				3BA8816A289582AB00C8DA3A /* SeeSelfieInteractorImpl.swift in Sources */,
				3BA881452894877100C8DA3A /* SuccessDTO.swift in Sources */,
				3B16C2B1289359890078C602 /* DataChartDTO+Mapping.swift in Sources */,
				3BA88142289481CF00C8DA3A /* FirestoreClientRequester.swift in Sources */,
				3BEE87DF2892156D007CB88F /* HomeProtocols.swift in Sources */,
				3BA881782895D2A700C8DA3A /* ModulesFactory.swift in Sources */,
				3BA8815A28957E2B00C8DA3A /* UserDataBag.swift in Sources */,
				3B16C2A9289356370078C602 /* Company.swift in Sources */,
				3BEE87F528924257007CB88F /* Reusable.swift in Sources */,
				3BA8816E28958E5900C8DA3A /* CustomRequester.swift in Sources */,
				3B16C2B7289361E90078C602 /* ChartInfoViewController.swift in Sources */,
				3BA881722895CD4300C8DA3A /* GImages.swift in Sources */,
				3BA88154289568D800C8DA3A /* SpinnerDisplayable.swift in Sources */,
				3BA88158289577CF00C8DA3A /* UserDataDTO.swift in Sources */,
				3BEE87E528921949007CB88F /* HomeRouterImpl.swift in Sources */,
				3B16C2C4289433900078C602 /* ChartInfoItemCell.swift in Sources */,
				3BEE87F228923FA0007CB88F /* UIViewController+Utils.swift in Sources */,
				3BA8814928948A6C00C8DA3A /* SettingsDTO.swift in Sources */,
				3BA881632895809000C8DA3A /* SeeSelfieViewController.swift in Sources */,
				3BEE87E1289216C3007CB88F /* HomePresenterImpl.swift in Sources */,
				3B16C2B5289360EE0078C602 /* ChartInfoPresenterImpl.swift in Sources */,
			);
			runOnlyForDeploymentPostprocessing = 0;
		};
		3BEE87A82891ED15007CB88F /* Sources */ = {
			isa = PBXSourcesBuildPhase;
			buildActionMask = 2147483647;
			files = (
				3BA8818A2895FAED00C8DA3A /* SeeSelfieViewControllerTest.swift in Sources */,
				3BA881A2289617A000C8DA3A /* MockJSONData.swift in Sources */,
				3BA881882895F94A00C8DA3A /* SeeSelfieInteractorTests.swift in Sources */,
				3BA88190289600F900C8DA3A /* ChartInfoServiceStub.swift in Sources */,
				3BA881A82896256800C8DA3A /* ChartInfoViewControllerTest.swift in Sources */,
				3BA881862895F79D00C8DA3A /* SeeSelfieInteractorMock.swift in Sources */,
				3BA881982896101C00C8DA3A /* ChartInfoCellViewModelTest.swift in Sources */,
				3BA881AA289625CF00C8DA3A /* ChartInfoPresenterMock.swift in Sources */,
				3BA8819E289614C600C8DA3A /* FakeSession.swift in Sources */,
				3BA881922896027200C8DA3A /* ChartInteractorTests.swift in Sources */,
				3BA8819628960CC800C8DA3A /* ChartInfoInteractorMock.swift in Sources */,
				3BA8819428960C4F00C8DA3A /* ChartPresenterTest.swift in Sources */,
				3BA8818C2895FB9100C8DA3A /* SeeSelfiePresenterMock.swift in Sources */,
				3BA881A6289620C900C8DA3A /* ChartInfoItemCellTest.swift in Sources */,
				3BA8819A2896128B00C8DA3A /* ChartInfoServiceTest.swift in Sources */,
				3BA881832895F66B00C8DA3A /* SeeSelfiePresenterTests.swift in Sources */,
			);
			runOnlyForDeploymentPostprocessing = 0;
		};
/* End PBXSourcesBuildPhase section */

/* Begin PBXTargetDependency section */
		3BEE87AE2891ED15007CB88F /* PBXTargetDependency */ = {
			isa = PBXTargetDependency;
			target = 3BEE87952891ED11007CB88F /* iOSZeus */;
			targetProxy = 3BEE87AD2891ED15007CB88F /* PBXContainerItemProxy */;
		};
/* End PBXTargetDependency section */

/* Begin PBXVariantGroup section */
		3BEE87A42891ED15007CB88F /* LaunchScreen.storyboard */ = {
			isa = PBXVariantGroup;
			children = (
				3BEE87A52891ED15007CB88F /* Base */,
			);
			name = LaunchScreen.storyboard;
			sourceTree = "<group>";
		};
/* End PBXVariantGroup section */

/* Begin XCBuildConfiguration section */
		3BEE87BE2891ED15007CB88F /* Debug */ = {
			isa = XCBuildConfiguration;
			buildSettings = {
				ALWAYS_SEARCH_USER_PATHS = NO;
				CLANG_ANALYZER_NONNULL = YES;
				CLANG_ANALYZER_NUMBER_OBJECT_CONVERSION = YES_AGGRESSIVE;
				CLANG_CXX_LANGUAGE_STANDARD = "gnu++17";
				CLANG_ENABLE_MODULES = YES;
				CLANG_ENABLE_OBJC_ARC = YES;
				CLANG_ENABLE_OBJC_WEAK = YES;
				CLANG_WARN_BLOCK_CAPTURE_AUTORELEASING = YES;
				CLANG_WARN_BOOL_CONVERSION = YES;
				CLANG_WARN_COMMA = YES;
				CLANG_WARN_CONSTANT_CONVERSION = YES;
				CLANG_WARN_DEPRECATED_OBJC_IMPLEMENTATIONS = YES;
				CLANG_WARN_DIRECT_OBJC_ISA_USAGE = YES_ERROR;
				CLANG_WARN_DOCUMENTATION_COMMENTS = YES;
				CLANG_WARN_EMPTY_BODY = YES;
				CLANG_WARN_ENUM_CONVERSION = YES;
				CLANG_WARN_INFINITE_RECURSION = YES;
				CLANG_WARN_INT_CONVERSION = YES;
				CLANG_WARN_NON_LITERAL_NULL_CONVERSION = YES;
				CLANG_WARN_OBJC_IMPLICIT_RETAIN_SELF = YES;
				CLANG_WARN_OBJC_LITERAL_CONVERSION = YES;
				CLANG_WARN_OBJC_ROOT_CLASS = YES_ERROR;
				CLANG_WARN_QUOTED_INCLUDE_IN_FRAMEWORK_HEADER = YES;
				CLANG_WARN_RANGE_LOOP_ANALYSIS = YES;
				CLANG_WARN_STRICT_PROTOTYPES = YES;
				CLANG_WARN_SUSPICIOUS_MOVE = YES;
				CLANG_WARN_UNGUARDED_AVAILABILITY = YES_AGGRESSIVE;
				CLANG_WARN_UNREACHABLE_CODE = YES;
				CLANG_WARN__DUPLICATE_METHOD_MATCH = YES;
				COPY_PHASE_STRIP = NO;
				DEBUG_INFORMATION_FORMAT = dwarf;
				ENABLE_STRICT_OBJC_MSGSEND = YES;
				ENABLE_TESTABILITY = YES;
				GCC_C_LANGUAGE_STANDARD = gnu11;
				GCC_DYNAMIC_NO_PIC = NO;
				GCC_NO_COMMON_BLOCKS = YES;
				GCC_OPTIMIZATION_LEVEL = 0;
				GCC_PREPROCESSOR_DEFINITIONS = (
					"DEBUG=1",
					"$(inherited)",
				);
				GCC_WARN_64_TO_32_BIT_CONVERSION = YES;
				GCC_WARN_ABOUT_RETURN_TYPE = YES_ERROR;
				GCC_WARN_UNDECLARED_SELECTOR = YES;
				GCC_WARN_UNINITIALIZED_AUTOS = YES_AGGRESSIVE;
				GCC_WARN_UNUSED_FUNCTION = YES;
				GCC_WARN_UNUSED_VARIABLE = YES;
				IPHONEOS_DEPLOYMENT_TARGET = 15.4;
				MTL_ENABLE_DEBUG_INFO = INCLUDE_SOURCE;
				MTL_FAST_MATH = YES;
				ONLY_ACTIVE_ARCH = YES;
				"OTHER_SWIFT_FLAGS[sdk=iphonesimulator*]" = "-D IOS_SIMULATOR";
				SDKROOT = iphoneos;
				SWIFT_ACTIVE_COMPILATION_CONDITIONS = DEBUG;
				SWIFT_OPTIMIZATION_LEVEL = "-Onone";
			};
			name = Debug;
		};
		3BEE87BF2891ED15007CB88F /* Release */ = {
			isa = XCBuildConfiguration;
			buildSettings = {
				ALWAYS_SEARCH_USER_PATHS = NO;
				CLANG_ANALYZER_NONNULL = YES;
				CLANG_ANALYZER_NUMBER_OBJECT_CONVERSION = YES_AGGRESSIVE;
				CLANG_CXX_LANGUAGE_STANDARD = "gnu++17";
				CLANG_ENABLE_MODULES = YES;
				CLANG_ENABLE_OBJC_ARC = YES;
				CLANG_ENABLE_OBJC_WEAK = YES;
				CLANG_WARN_BLOCK_CAPTURE_AUTORELEASING = YES;
				CLANG_WARN_BOOL_CONVERSION = YES;
				CLANG_WARN_COMMA = YES;
				CLANG_WARN_CONSTANT_CONVERSION = YES;
				CLANG_WARN_DEPRECATED_OBJC_IMPLEMENTATIONS = YES;
				CLANG_WARN_DIRECT_OBJC_ISA_USAGE = YES_ERROR;
				CLANG_WARN_DOCUMENTATION_COMMENTS = YES;
				CLANG_WARN_EMPTY_BODY = YES;
				CLANG_WARN_ENUM_CONVERSION = YES;
				CLANG_WARN_INFINITE_RECURSION = YES;
				CLANG_WARN_INT_CONVERSION = YES;
				CLANG_WARN_NON_LITERAL_NULL_CONVERSION = YES;
				CLANG_WARN_OBJC_IMPLICIT_RETAIN_SELF = YES;
				CLANG_WARN_OBJC_LITERAL_CONVERSION = YES;
				CLANG_WARN_OBJC_ROOT_CLASS = YES_ERROR;
				CLANG_WARN_QUOTED_INCLUDE_IN_FRAMEWORK_HEADER = YES;
				CLANG_WARN_RANGE_LOOP_ANALYSIS = YES;
				CLANG_WARN_STRICT_PROTOTYPES = YES;
				CLANG_WARN_SUSPICIOUS_MOVE = YES;
				CLANG_WARN_UNGUARDED_AVAILABILITY = YES_AGGRESSIVE;
				CLANG_WARN_UNREACHABLE_CODE = YES;
				CLANG_WARN__DUPLICATE_METHOD_MATCH = YES;
				COPY_PHASE_STRIP = NO;
				DEBUG_INFORMATION_FORMAT = "dwarf-with-dsym";
				ENABLE_NS_ASSERTIONS = NO;
				ENABLE_STRICT_OBJC_MSGSEND = YES;
				GCC_C_LANGUAGE_STANDARD = gnu11;
				GCC_NO_COMMON_BLOCKS = YES;
				GCC_WARN_64_TO_32_BIT_CONVERSION = YES;
				GCC_WARN_ABOUT_RETURN_TYPE = YES_ERROR;
				GCC_WARN_UNDECLARED_SELECTOR = YES;
				GCC_WARN_UNINITIALIZED_AUTOS = YES_AGGRESSIVE;
				GCC_WARN_UNUSED_FUNCTION = YES;
				GCC_WARN_UNUSED_VARIABLE = YES;
				IPHONEOS_DEPLOYMENT_TARGET = 15.4;
				MTL_ENABLE_DEBUG_INFO = NO;
				MTL_FAST_MATH = YES;
				SDKROOT = iphoneos;
				SWIFT_COMPILATION_MODE = wholemodule;
				SWIFT_OPTIMIZATION_LEVEL = "-O";
				VALIDATE_PRODUCT = YES;
			};
			name = Release;
		};
		3BEE87C12891ED15007CB88F /* Debug */ = {
			isa = XCBuildConfiguration;
			buildSettings = {
				ASSETCATALOG_COMPILER_APPICON_NAME = AppIcon;
				ASSETCATALOG_COMPILER_GLOBAL_ACCENT_COLOR_NAME = AccentColor;
				CODE_SIGN_STYLE = Automatic;
				CURRENT_PROJECT_VERSION = 1;
				DEVELOPMENT_TEAM = TNSM43P2F3;
				GENERATE_INFOPLIST_FILE = YES;
				INFOPLIST_FILE = iOSZeus/Info.plist;
				INFOPLIST_KEY_UIApplicationSupportsIndirectInputEvents = YES;
				INFOPLIST_KEY_UILaunchStoryboardName = LaunchScreen;
				INFOPLIST_KEY_UISupportedInterfaceOrientations_iPad = "UIInterfaceOrientationPortrait UIInterfaceOrientationPortraitUpsideDown UIInterfaceOrientationLandscapeLeft UIInterfaceOrientationLandscapeRight";
				INFOPLIST_KEY_UISupportedInterfaceOrientations_iPhone = "UIInterfaceOrientationPortrait UIInterfaceOrientationLandscapeLeft UIInterfaceOrientationLandscapeRight";
				LD_RUNPATH_SEARCH_PATHS = (
					"$(inherited)",
					"@executable_path/Frameworks",
				);
				MARKETING_VERSION = 1.0;
				PRODUCT_BUNDLE_IDENTIFIER = com.javiercueto.iOSZeus;
				PRODUCT_NAME = "$(TARGET_NAME)";
				SWIFT_EMIT_LOC_STRINGS = YES;
				SWIFT_VERSION = 5.0;
				TARGETED_DEVICE_FAMILY = "1,2";
			};
			name = Debug;
		};
		3BEE87C22891ED15007CB88F /* Release */ = {
			isa = XCBuildConfiguration;
			buildSettings = {
				ASSETCATALOG_COMPILER_APPICON_NAME = AppIcon;
				ASSETCATALOG_COMPILER_GLOBAL_ACCENT_COLOR_NAME = AccentColor;
				CODE_SIGN_STYLE = Automatic;
				CURRENT_PROJECT_VERSION = 1;
				DEVELOPMENT_TEAM = TNSM43P2F3;
				GENERATE_INFOPLIST_FILE = YES;
				INFOPLIST_FILE = iOSZeus/Info.plist;
				INFOPLIST_KEY_UIApplicationSupportsIndirectInputEvents = YES;
				INFOPLIST_KEY_UILaunchStoryboardName = LaunchScreen;
				INFOPLIST_KEY_UISupportedInterfaceOrientations_iPad = "UIInterfaceOrientationPortrait UIInterfaceOrientationPortraitUpsideDown UIInterfaceOrientationLandscapeLeft UIInterfaceOrientationLandscapeRight";
				INFOPLIST_KEY_UISupportedInterfaceOrientations_iPhone = "UIInterfaceOrientationPortrait UIInterfaceOrientationLandscapeLeft UIInterfaceOrientationLandscapeRight";
				LD_RUNPATH_SEARCH_PATHS = (
					"$(inherited)",
					"@executable_path/Frameworks",
				);
				MARKETING_VERSION = 1.0;
				PRODUCT_BUNDLE_IDENTIFIER = com.javiercueto.iOSZeus;
				PRODUCT_NAME = "$(TARGET_NAME)";
				SWIFT_EMIT_LOC_STRINGS = YES;
				SWIFT_VERSION = 5.0;
				TARGETED_DEVICE_FAMILY = "1,2";
			};
			name = Release;
		};
		3BEE87C42891ED15007CB88F /* Debug */ = {
			isa = XCBuildConfiguration;
			buildSettings = {
				ALWAYS_EMBED_SWIFT_STANDARD_LIBRARIES = YES;
				BUNDLE_LOADER = "$(TEST_HOST)";
				CLANG_ENABLE_MODULES = YES;
				CODE_SIGN_STYLE = Automatic;
				CURRENT_PROJECT_VERSION = 1;
				DEVELOPMENT_TEAM = TNSM43P2F3;
				GENERATE_INFOPLIST_FILE = YES;
				IPHONEOS_DEPLOYMENT_TARGET = 15.4;
				LD_RUNPATH_SEARCH_PATHS = (
					"$(inherited)",
					"@executable_path/Frameworks",
					"@loader_path/Frameworks",
				);
				MARKETING_VERSION = 1.0;
				PRODUCT_BUNDLE_IDENTIFIER = com.javiercueto.iOSZeusTests;
				PRODUCT_NAME = "$(TARGET_NAME)";
				SWIFT_EMIT_LOC_STRINGS = NO;
				SWIFT_OPTIMIZATION_LEVEL = "-Onone";
				SWIFT_VERSION = 5.0;
				TARGETED_DEVICE_FAMILY = "1,2";
				TEST_HOST = "$(BUILT_PRODUCTS_DIR)/iOSZeus.app/iOSZeus";
			};
			name = Debug;
		};
		3BEE87C52891ED15007CB88F /* Release */ = {
			isa = XCBuildConfiguration;
			buildSettings = {
				ALWAYS_EMBED_SWIFT_STANDARD_LIBRARIES = YES;
				BUNDLE_LOADER = "$(TEST_HOST)";
				CLANG_ENABLE_MODULES = YES;
				CODE_SIGN_STYLE = Automatic;
				CURRENT_PROJECT_VERSION = 1;
				DEVELOPMENT_TEAM = TNSM43P2F3;
				GENERATE_INFOPLIST_FILE = YES;
				IPHONEOS_DEPLOYMENT_TARGET = 15.4;
				LD_RUNPATH_SEARCH_PATHS = (
					"$(inherited)",
					"@executable_path/Frameworks",
					"@loader_path/Frameworks",
				);
				MARKETING_VERSION = 1.0;
				PRODUCT_BUNDLE_IDENTIFIER = com.javiercueto.iOSZeusTests;
				PRODUCT_NAME = "$(TARGET_NAME)";
				SWIFT_EMIT_LOC_STRINGS = NO;
				SWIFT_VERSION = 5.0;
				TARGETED_DEVICE_FAMILY = "1,2";
				TEST_HOST = "$(BUILT_PRODUCTS_DIR)/iOSZeus.app/iOSZeus";
			};
			name = Release;
		};
/* End XCBuildConfiguration section */

/* Begin XCConfigurationList section */
		3BEE87912891ED11007CB88F /* Build configuration list for PBXProject "iOSZeus" */ = {
			isa = XCConfigurationList;
			buildConfigurations = (
				3BEE87BE2891ED15007CB88F /* Debug */,
				3BEE87BF2891ED15007CB88F /* Release */,
			);
			defaultConfigurationIsVisible = 0;
			defaultConfigurationName = Release;
		};
		3BEE87C02891ED15007CB88F /* Build configuration list for PBXNativeTarget "iOSZeus" */ = {
			isa = XCConfigurationList;
			buildConfigurations = (
				3BEE87C12891ED15007CB88F /* Debug */,
				3BEE87C22891ED15007CB88F /* Release */,
			);
			defaultConfigurationIsVisible = 0;
			defaultConfigurationName = Release;
		};
		3BEE87C32891ED15007CB88F /* Build configuration list for PBXNativeTarget "iOSZeusTests" */ = {
			isa = XCConfigurationList;
			buildConfigurations = (
				3BEE87C42891ED15007CB88F /* Debug */,
				3BEE87C52891ED15007CB88F /* Release */,
			);
			defaultConfigurationIsVisible = 0;
			defaultConfigurationName = Release;
		};
/* End XCConfigurationList section */

/* Begin XCRemoteSwiftPackageReference section */
		3B16C2BE28942C0B0078C602 /* XCRemoteSwiftPackageReference "Charts" */ = {
			isa = XCRemoteSwiftPackageReference;
			repositoryURL = "https://github.com/danielgindi/Charts.git";
			requirement = {
				kind = upToNextMajorVersion;
				minimumVersion = 3.0.0;
			};
		};
		3BA88139289472E900C8DA3A /* XCRemoteSwiftPackageReference "firebase-ios-sdk" */ = {
			isa = XCRemoteSwiftPackageReference;
			repositoryURL = "https://github.com/firebase/firebase-ios-sdk";
			requirement = {
				kind = upToNextMajorVersion;
				minimumVersion = 9.0.0;
			};
		};
/* End XCRemoteSwiftPackageReference section */

/* Begin XCSwiftPackageProductDependency section */
		3B16C2BF28942C0B0078C602 /* Charts */ = {
			isa = XCSwiftPackageProductDependency;
			package = 3B16C2BE28942C0B0078C602 /* XCRemoteSwiftPackageReference "Charts" */;
			productName = Charts;
		};
		3BA8813A289472E900C8DA3A /* FirebaseFirestoreSwift */ = {
			isa = XCSwiftPackageProductDependency;
			package = 3BA88139289472E900C8DA3A /* XCRemoteSwiftPackageReference "firebase-ios-sdk" */;
			productName = FirebaseFirestoreSwift;
		};
		3BA8813C289472E900C8DA3A /* FirebaseStorage */ = {
			isa = XCSwiftPackageProductDependency;
			package = 3BA88139289472E900C8DA3A /* XCRemoteSwiftPackageReference "firebase-ios-sdk" */;
			productName = FirebaseStorage;
		};
/* End XCSwiftPackageProductDependency section */
	};
	rootObject = 3BEE878E2891ED11007CB88F /* Project object */;
}
